
Microsoft Visual Studio Solution File, Format Version 12.00
# Visual Studio Version 17
VisualStudioVersion = 17.14.36127.28 d17.14
MinimumVisualStudioVersion = 10.0.40219.1
Project("{FAE04EC0-301F-11D3-BF4B-00C04F79EFBC}") = "Activator", "Activator.csproj", "{E684AD23-E312-4038-AE04-2F177ED1862C}"
EndProject
Global
	GlobalSection(SolutionConfigurationPlatforms) = preSolution
		Debug|Any CPU = Debug|Any CPU
		Release|Any CPU = Release|Any CPU
	EndGlobalSection
	GlobalSection(ProjectConfigurationPlatforms) = postSolution
		{E684AD23-E312-4038-AE04-2F177ED1862C}.Debug|Any CPU.ActiveCfg = Debug|Any CPU
		{E684AD23-E312-4038-AE04-2F177ED1862C}.Debug|Any CPU.Build.0 = Debug|Any CPU
		{E684AD23-E312-4038-AE04-2F177ED1862C}.Release|Any CPU.ActiveCfg = Release|Any CPU
		{E684AD23-E312-4038-AE04-2F177ED1862C}.Release|Any CPU.Build.0 = Release|Any CPU
	EndGlobalSection
	GlobalSection(SolutionProperties) = preSolution
		HideSolutionNode = FALSE
	EndGlobalSection
	GlobalSection(ExtensibilityGlobals) = postSolution
		SolutionGuid = {89B03166-A0F0-4057-BDE6-8CE545267B68}
	EndGlobalSection
EndGlobal
